
Microsoft Visual Studio Solution File, Format Version 12.00
# Visual Studio 15
VisualStudioVersion = 15.0.28010.2036
MinimumVisualStudioVersion = 10.0.40219.1
Project("{FAE04EC0-301F-11D3-BF4B-00C04F79EFBC}") = "DataMarshalization", "DataMarshalization\DataMarshalization.csproj", "{B33F7551-2F92-4A6C-BD60-0384483CF266}"
EndProject
Global
	GlobalSection(SolutionConfigurationPlatforms) = preSolution
		Debug|Any CPU = Debug|Any CPU
		Release|Any CPU = Release|Any CPU
	EndGlobalSection
	GlobalSection(ProjectConfigurationPlatforms) = postSolution
		{B33F7551-2F92-4A6C-BD60-0384483CF266}.Debug|Any CPU.ActiveCfg = Debug|Any CPU
		{B33F7551-2F92-4A6C-BD60-0384483CF266}.Debug|Any CPU.Build.0 = Debug|Any CPU
		{B33F7551-2F92-4A6C-BD60-0384483CF266}.Release|Any CPU.ActiveCfg = Release|Any CPU
		{B33F7551-2F92-4A6C-BD60-0384483CF266}.Release|Any CPU.Build.0 = Release|Any CPU
	EndGlobalSection
	GlobalSection(SolutionProperties) = preSolution
		HideSolutionNode = FALSE
	EndGlobalSection
	GlobalSection(ExtensibilityGlobals) = postSolution
		SolutionGuid = {BD2CD1B7-CBEE-4CCF-90F3-20E37F66F550}
	EndGlobalSection
EndGlobal
